
Microsoft Visual Studio Solution File, Format Version 12.00
# Visual Studio Version 16
VisualStudioVersion = 16.0.30711.63
MinimumVisualStudioVersion = 10.0.40219.1
Project("{9A19103F-16F7-4668-BE54-9A1E7A4F7556}") = "Spend", "Spend\Spend.csproj", "{38606114-D1D5-465E-9D12-2A03D1186AD4}"
EndProject
Global
	GlobalSection(SolutionConfigurationPlatforms) = preSolution
		Debug|Any CPU = Debug|Any CPU
		Release|Any CPU = Release|Any CPU
	EndGlobalSection
	GlobalSection(ProjectConfigurationPlatforms) = postSolution
		{38606114-D1D5-465E-9D12-2A03D1186AD4}.Debug|Any CPU.ActiveCfg = Debug|Any CPU
		{38606114-D1D5-465E-9D12-2A03D1186AD4}.Debug|Any CPU.Build.0 = Debug|Any CPU
		{38606114-D1D5-465E-9D12-2A03D1186AD4}.Release|Any CPU.ActiveCfg = Release|Any CPU
		{38606114-D1D5-465E-9D12-2A03D1186AD4}.Release|Any CPU.Build.0 = Release|Any CPU
	EndGlobalSection
	GlobalSection(SolutionProperties) = preSolution
		HideSolutionNode = FALSE
	EndGlobalSection
	GlobalSection(ExtensibilityGlobals) = postSolution
		SolutionGuid = {709EA953-70E1-4EA7-91FC-34B0C2C083C9}
	EndGlobalSection
EndGlobal
